
Microsoft Visual Studio Solution File, Format Version 12.00
# Visual Studio Version 16
VisualStudioVersion = 16.0.32106.194
MinimumVisualStudioVersion = 10.0.40219.1
Project("{FAE04EC0-301F-11D3-BF4B-00C04F79EFBC}") = "MDF-Manager", "MDF-Manager.csproj", "{FABA9052-5795-46F0-BB37-7B28BD22F906}"
EndProject
Global
	GlobalSection(SolutionConfigurationPlatforms) = preSolution
		Debug|Any CPU = Debug|Any CPU
		Release|Any CPU = Release|Any CPU
	EndGlobalSection
	GlobalSection(ProjectConfigurationPlatforms) = postSolution
		{FABA9052-5795-46F0-BB37-7B28BD22F906}.Debug|Any CPU.ActiveCfg = Debug|Any CPU
		{FABA9052-5795-46F0-BB37-7B28BD22F906}.Debug|Any CPU.Build.0 = Debug|Any CPU
		{FABA9052-5795-46F0-BB37-7B28BD22F906}.Release|Any CPU.ActiveCfg = Release|Any CPU
		{FABA9052-5795-46F0-BB37-7B28BD22F906}.Release|Any CPU.Build.0 = Release|Any CPU
	EndGlobalSection
	GlobalSection(SolutionProperties) = preSolution
		HideSolutionNode = FALSE
	EndGlobalSection
	GlobalSection(ExtensibilityGlobals) = postSolution
		SolutionGuid = {70EE8172-744F-483C-93E6-40729B873BE1}
	EndGlobalSection
EndGlobal
